{
    "name": "xero-octokit",
    "version": "1.0.0",
    "lockfileVersion": 3,
    "requires": true,
    "packages": {
        "": {
            "name": "xero-octokit",
            "version": "1.0.0",
            "license": "ISC",
            "dependencies": {
                "@octokit/auth-app": "^7.1.1",
                "@octokit/rest": "^21.0.2"
            }
        },
        "node_modules/@octokit/auth-app": {
            "version": "7.1.1",
            "resolved": "https://registry.npmjs.org/@octokit/auth-app/-/auth-app-7.1.1.tgz",
            "integrity": "sha512-kRAd6yelV9OgvlEJE88H0VLlQdZcag9UlLr7dV0YYP37X8PPDvhgiTy66QVhDXdyoT0AleFN2w/qXkPdrSzINg==",
            "dependencies": {
                "@octokit/auth-oauth-app": "^8.1.0",
                "@octokit/auth-oauth-user": "^5.1.0",
                "@octokit/request": "^9.1.1",
                "@octokit/request-error": "^6.1.1",
                "@octokit/types": "^13.4.1",
                "lru-cache": "^10.0.0",
                "universal-github-app-jwt": "^2.2.0",
                "universal-user-agent": "^7.0.0"
            },
            "engines": {
                "node": ">= 18"
            }
        },
        "node_modules/@octokit/auth-oauth-app": {
            "version": "8.1.1",
            "resolved": "https://registry.npmjs.org/@octokit/auth-oauth-app/-/auth-oauth-app-8.1.1.tgz",
            "integrity": "sha512-5UtmxXAvU2wfcHIPPDWzVSAWXVJzG3NWsxb7zCFplCWEmMCArSZV0UQu5jw5goLQXbFyOr5onzEH37UJB3zQQg==",
            "dependencies": {
                "@octokit/auth-oauth-device": "^7.0.0",
                "@octokit/auth-oauth-user": "^5.0.1",
                "@octokit/request": "^9.0.0",
                "@octokit/types": "^13.0.0",
                "universal-user-agent": "^7.0.0"
            },
            "engines": {
                "node": ">= 18"
            }
        },
        "node_modules/@octokit/auth-oauth-device": {
            "version": "7.1.1",
            "resolved": "https://registry.npmjs.org/@octokit/auth-oauth-device/-/auth-oauth-device-7.1.1.tgz",
            "integrity": "sha512-HWl8lYueHonuyjrKKIup/1tiy0xcmQCdq5ikvMO1YwkNNkxb6DXfrPjrMYItNLyCP/o2H87WuijuE+SlBTT8eg==",
            "dependencies": {
                "@octokit/oauth-methods": "^5.0.0",
                "@octokit/request": "^9.0.0",
                "@octokit/types": "^13.0.0",
                "universal-user-agent": "^7.0.0"
            },
            "engines": {
                "node": ">= 18"
            }
        },
        "node_modules/@octokit/auth-oauth-user": {
            "version": "5.1.1",
            "resolved": "https://registry.npmjs.org/@octokit/auth-oauth-user/-/auth-oauth-user-5.1.1.tgz",
            "integrity": "sha512-rRkMz0ErOppdvEfnemHJXgZ9vTPhBuC6yASeFaB7I2yLMd7QpjfrL1mnvRPlyKo+M6eeLxrKanXJ9Qte29SRsw==",
            "dependencies": {
                "@octokit/auth-oauth-device": "^7.0.1",
                "@octokit/oauth-methods": "^5.0.0",
                "@octokit/request": "^9.0.1",
                "@octokit/types": "^13.0.0",
                "universal-user-agent": "^7.0.0"
            },
            "engines": {
                "node": ">= 18"
            }
        },
        "node_modules/@octokit/auth-token": {
            "version": "5.1.1",
            "resolved": "https://registry.npmjs.org/@octokit/auth-token/-/auth-token-5.1.1.tgz",
            "integrity": "sha512-rh3G3wDO8J9wSjfI436JUKzHIxq8NaiL0tVeB2aXmG6p/9859aUOAjA9pmSPNGGZxfwmaJ9ozOJImuNVJdpvbA==",
            "engines": {
                "node": ">= 18"
            }
        },
        "node_modules/@octokit/core": {
            "version": "6.1.2",
            "resolved": "https://registry.npmjs.org/@octokit/core/-/core-6.1.2.tgz",
            "integrity": "sha512-hEb7Ma4cGJGEUNOAVmyfdB/3WirWMg5hDuNFVejGEDFqupeOysLc2sG6HJxY2etBp5YQu5Wtxwi020jS9xlUwg==",
            "dependencies": {
                "@octokit/auth-token": "^5.0.0",
                "@octokit/graphql": "^8.0.0",
                "@octokit/request": "^9.0.0",
                "@octokit/request-error": "^6.0.1",
                "@octokit/types": "^13.0.0",
                "before-after-hook": "^3.0.2",
                "universal-user-agent": "^7.0.0"
            },
            "engines": {
                "node": ">= 18"
            }
        },
        "node_modules/@octokit/endpoint": {
            "version": "10.1.1",
            "resolved": "https://registry.npmjs.org/@octokit/endpoint/-/endpoint-10.1.1.tgz",
            "integrity": "sha512-JYjh5rMOwXMJyUpj028cu0Gbp7qe/ihxfJMLc8VZBMMqSwLgOxDI1911gV4Enl1QSavAQNJcwmwBF9M0VvLh6Q==",
            "dependencies": {
                "@octokit/types": "^13.0.0",
                "universal-user-agent": "^7.0.2"
            },
            "engines": {
                "node": ">= 18"
            }
        },
        "node_modules/@octokit/graphql": {
            "version": "8.1.1",
            "resolved": "https://registry.npmjs.org/@octokit/graphql/-/graphql-8.1.1.tgz",
            "integrity": "sha512-ukiRmuHTi6ebQx/HFRCXKbDlOh/7xEV6QUXaE7MJEKGNAncGI/STSbOkl12qVXZrfZdpXctx5O9X1AIaebiDBg==",
            "dependencies": {
                "@octokit/request": "^9.0.0",
                "@octokit/types": "^13.0.0",
                "universal-user-agent": "^7.0.0"
            },
            "engines": {
                "node": ">= 18"
            }
        },
        "node_modules/@octokit/oauth-authorization-url": {
            "version": "7.1.1",
            "resolved": "https://registry.npmjs.org/@octokit/oauth-authorization-url/-/oauth-authorization-url-7.1.1.tgz",
            "integrity": "sha512-ooXV8GBSabSWyhLUowlMIVd9l1s2nsOGQdlP2SQ4LnkEsGXzeCvbSbCPdZThXhEFzleGPwbapT0Sb+YhXRyjCA==",
            "engines": {
                "node": ">= 18"
            }
        },
        "node_modules/@octokit/oauth-methods": {
            "version": "5.1.2",
            "resolved": "https://registry.npmjs.org/@octokit/oauth-methods/-/oauth-methods-5.1.2.tgz",
            "integrity": "sha512-C5lglRD+sBlbrhCUTxgJAFjWgJlmTx5bQ7Ch0+2uqRjYv7Cfb5xpX4WuSC9UgQna3sqRGBL9EImX9PvTpMaQ7g==",
            "dependencies": {
                "@octokit/oauth-authorization-url": "^7.0.0",
                "@octokit/request": "^9.1.0",
                "@octokit/request-error": "^6.1.0",
                "@octokit/types": "^13.0.0"
            },
            "engines": {
                "node": ">= 18"
            }
        },
        "node_modules/@octokit/openapi-types": {
            "version": "22.2.0",
            "resolved": "https://registry.npmjs.org/@octokit/openapi-types/-/openapi-types-22.2.0.tgz",
            "integrity": "sha512-QBhVjcUa9W7Wwhm6DBFu6ZZ+1/t/oYxqc2tp81Pi41YNuJinbFRx8B133qVOrAaBbF7D/m0Et6f9/pZt9Rc+tg=="
        },
        "node_modules/@octokit/plugin-paginate-rest": {
            "version": "11.3.5",
            "resolved": "https://registry.npmjs.org/@octokit/plugin-paginate-rest/-/plugin-paginate-rest-11.3.5.tgz",
            "integrity": "sha512-cgwIRtKrpwhLoBi0CUNuY83DPGRMaWVjqVI/bGKsLJ4PzyWZNaEmhHroI2xlrVXkk6nFv0IsZpOp+ZWSWUS2AQ==",
            "dependencies": {
                "@octokit/types": "^13.6.0"
            },
            "engines": {
                "node": ">= 18"
            },
            "peerDependencies": {
                "@octokit/core": ">=6"
            }
        },
        "node_modules/@octokit/plugin-request-log": {
            "version": "5.3.1",
            "resolved": "https://registry.npmjs.org/@octokit/plugin-request-log/-/plugin-request-log-5.3.1.tgz",
            "integrity": "sha512-n/lNeCtq+9ofhC15xzmJCNKP2BWTv8Ih2TTy+jatNCCq/gQP/V7rK3fjIfuz0pDWDALO/o/4QY4hyOF6TQQFUw==",
            "engines": {
                "node": ">= 18"
            },
            "peerDependencies": {
                "@octokit/core": ">=6"
            }
        },
        "node_modules/@octokit/plugin-rest-endpoint-methods": {
            "version": "13.2.6",
            "resolved": "https://registry.npmjs.org/@octokit/plugin-rest-endpoint-methods/-/plugin-rest-endpoint-methods-13.2.6.tgz",
            "integrity": "sha512-wMsdyHMjSfKjGINkdGKki06VEkgdEldIGstIEyGX0wbYHGByOwN/KiM+hAAlUwAtPkP3gvXtVQA9L3ITdV2tVw==",
            "dependencies": {
                "@octokit/types": "^13.6.1"
            },
            "engines": {
                "node": ">= 18"
            },
            "peerDependencies": {
                "@octokit/core": ">=6"
            }
        },
        "node_modules/@octokit/request": {
            "version": "9.1.3",
            "resolved": "https://registry.npmjs.org/@octokit/request/-/request-9.1.3.tgz",
            "integrity": "sha512-V+TFhu5fdF3K58rs1pGUJIDH5RZLbZm5BI+MNF+6o/ssFNT4vWlCh/tVpF3NxGtP15HUxTTMUbsG5llAuU2CZA==",
            "dependencies": {
                "@octokit/endpoint": "^10.0.0",
                "@octokit/request-error": "^6.0.1",
                "@octokit/types": "^13.1.0",
                "universal-user-agent": "^7.0.2"
            },
            "engines": {
                "node": ">= 18"
            }
        },
        "node_modules/@octokit/request-error": {
            "version": "6.1.5",
            "resolved": "https://registry.npmjs.org/@octokit/request-error/-/request-error-6.1.5.tgz",
            "integrity": "sha512-IlBTfGX8Yn/oFPMwSfvugfncK2EwRLjzbrpifNaMY8o/HTEAFqCA1FZxjD9cWvSKBHgrIhc4CSBIzMxiLsbzFQ==",
            "dependencies": {
                "@octokit/types": "^13.0.0"
            },
            "engines": {
                "node": ">= 18"
            }
        },
        "node_modules/@octokit/rest": {
            "version": "21.0.2",
            "resolved": "https://registry.npmjs.org/@octokit/rest/-/rest-21.0.2.tgz",
            "integrity": "sha512-+CiLisCoyWmYicH25y1cDfCrv41kRSvTq6pPWtRroRJzhsCZWZyCqGyI8foJT5LmScADSwRAnr/xo+eewL04wQ==",
            "dependencies": {
                "@octokit/core": "^6.1.2",
                "@octokit/plugin-paginate-rest": "^11.0.0",
                "@octokit/plugin-request-log": "^5.3.1",
                "@octokit/plugin-rest-endpoint-methods": "^13.0.0"
            },
            "engines": {
                "node": ">= 18"
            }
        },
        "node_modules/@octokit/types": {
            "version": "13.6.1",
            "resolved": "https://registry.npmjs.org/@octokit/types/-/types-13.6.1.tgz",
            "integrity": "sha512-PHZE9Z+kWXb23Ndik8MKPirBPziOc0D2/3KH1P+6jK5nGWe96kadZuE4jev2/Jq7FvIfTlT2Ltg8Fv2x1v0a5g==",
            "dependencies": {
                "@octokit/openapi-types": "^22.2.0"
            }
        },
        "node_modules/before-after-hook": {
            "version": "3.0.2",
            "resolved": "https://registry.npmjs.org/before-after-hook/-/before-after-hook-3.0.2.tgz",
            "integrity": "sha512-Nik3Sc0ncrMK4UUdXQmAnRtzmNQTAAXmXIopizwZ1W1t8QmfJj+zL4OA2I7XPTPW5z5TDqv4hRo/JzouDJnX3A=="
        },
        "node_modules/lru-cache": {
            "version": "10.4.3",
            "resolved": "https://registry.npmjs.org/lru-cache/-/lru-cache-10.4.3.tgz",
            "integrity": "sha512-JNAzZcXrCt42VGLuYz0zfAzDfAvJWW6AfYlDBQyDV5DClI2m5sAmK+OIO7s59XfsRsWHp02jAJrRadPRGTt6SQ=="
        },
        "node_modules/universal-github-app-jwt": {
            "version": "2.2.0",
            "resolved": "https://registry.npmjs.org/universal-github-app-jwt/-/universal-github-app-jwt-2.2.0.tgz",
            "integrity": "sha512-G5o6f95b5BggDGuUfKDApKaCgNYy2x7OdHY0zSMF081O0EJobw+1130VONhrA7ezGSV2FNOGyM+KQpQZAr9bIQ=="
        },
        "node_modules/universal-user-agent": {
            "version": "7.0.2",
            "resolved": "https://registry.npmjs.org/universal-user-agent/-/universal-user-agent-7.0.2.tgz",
            "integrity": "sha512-0JCqzSKnStlRRQfCdowvqy3cy0Dvtlb8xecj/H8JFZuCze4rwjPZQOgvFvn0Ws/usCHQFGpyr+pB9adaGwXn4Q=="
        }
    }
}
